// !$*UTF8*$!
{
	archiveVersion = 1;
	classes = {
	};
	objectVersion = 46;
	objects = {

/* Begin PBXBuildFile section */
		D01652511B0A932900F114A2 /* AppDelegate.swift in Sources */ = {isa = PBXBuildFile; fileRef = D01652501B0A932900F114A2 /* AppDelegate.swift */; };
		D01652531B0A932900F114A2 /* ViewController.swift in Sources */ = {isa = PBXBuildFile; fileRef = D01652521B0A932900F114A2 /* ViewController.swift */; };
		D01652561B0A932900F114A2 /* Main.storyboard in Resources */ = {isa = PBXBuildFile; fileRef = D01652541B0A932900F114A2 /* Main.storyboard */; };
		D01652581B0A932900F114A2 /* Images.xcassets in Resources */ = {isa = PBXBuildFile; fileRef = D01652571B0A932900F114A2 /* Images.xcassets */; };
		D016525B1B0A932900F114A2 /* LaunchScreen.xib in Resources */ = {isa = PBXBuildFile; fileRef = D01652591B0A932900F114A2 /* LaunchScreen.xib */; };
		D01652671B0A932900F114A2 /* Times_TablesTests.swift in Sources */ = {isa = PBXBuildFile; fileRef = D01652661B0A932900F114A2 /* Times_TablesTests.swift */; };
/* End PBXBuildFile section */

/* Begin PBXContainerItemProxy section */
		D01652611B0A932900F114A2 /* PBXContainerItemProxy */ = {
			isa = PBXContainerItemProxy;
			containerPortal = D01652431B0A932900F114A2 /* Project object */;
			proxyType = 1;
			remoteGlobalIDString = D016524A1B0A932900F114A2;
			remoteInfo = "Times Tables";
		};
/* End PBXContainerItemProxy section */

/* Begin PBXFileReference section */
		D016524B1B0A932900F114A2 /* Times Tables.app */ = {isa = PBXFileReference; explicitFileType = wrapper.application; includeInIndex = 0; path = "Times Tables.app"; sourceTree = BUILT_PRODUCTS_DIR; };
		D016524F1B0A932900F114A2 /* Info.plist */ = {isa = PBXFileReference; lastKnownFileType = text.plist.xml; path = Info.plist; sourceTree = "<group>"; };
		D01652501B0A932900F114A2 /* AppDelegate.swift */ = {isa = PBXFileReference; lastKnownFileType = sourcecode.swift; path = AppDelegate.swift; sourceTree = "<group>"; };
		D01652521B0A932900F114A2 /* ViewController.swift */ = {isa = PBXFileReference; lastKnownFileType = sourcecode.swift; path = ViewController.swift; sourceTree = "<group>"; };
		D01652551B0A932900F114A2 /* Base */ = {isa = PBXFileReference; lastKnownFileType = file.storyboard; name = Base; path = Base.lproj/Main.storyboard; sourceTree = "<group>"; };
		D01652571B0A932900F114A2 /* Images.xcassets */ = {isa = PBXFileReference; lastKnownFileType = folder.assetcatalog; path = Images.xcassets; sourceTree = "<group>"; };
		D016525A1B0A932900F114A2 /* Base */ = {isa = PBXFileReference; lastKnownFileType = file.xib; name = Base; path = Base.lproj/LaunchScreen.xib; sourceTree = "<group>"; };
		D01652601B0A932900F114A2 /* Times TablesTests.xctest */ = {isa = PBXFileReference; explicitFileType = wrapper.cfbundle; includeInIndex = 0; path = "Times TablesTests.xctest"; sourceTree = BUILT_PRODUCTS_DIR; };
		D01652651B0A932900F114A2 /* Info.plist */ = {isa = PBXFileReference; lastKnownFileType = text.plist.xml; path = Info.plist; sourceTree = "<group>"; };
		D01652661B0A932900F114A2 /* Times_TablesTests.swift */ = {isa = PBXFileReference; lastKnownFileType = sourcecode.swift; path = Times_TablesTests.swift; sourceTree = "<group>"; };
/* End PBXFileReference section */

/* Begin PBXFrameworksBuildPhase section */
		D01652481B0A932900F114A2 /* Frameworks */ = {
			isa = PBXFrameworksBuildPhase;
			buildActionMask = 2147483647;
			files = (
			);
			runOnlyForDeploymentPostprocessing = 0;
		};
		D016525D1B0A932900F114A2 /* Frameworks */ = {
			isa = PBXFrameworksBuildPhase;
			buildActionMask = 2147483647;
			files = (
			);
			runOnlyForDeploymentPostprocessing = 0;
		};
/* End PBXFrameworksBuildPhase section */

/* Begin PBXGroup section */
		D01652421B0A932900F114A2 = {
			isa = PBXGroup;
			children = (
				D016524D1B0A932900F114A2 /* Times Tables */,
				D01652631B0A932900F114A2 /* Times TablesTests */,
				D016524C1B0A932900F114A2 /* Products */,
			);
			sourceTree = "<group>";
		};
		D016524C1B0A932900F114A2 /* Products */ = {
			isa = PBXGroup;
			children = (
				D016524B1B0A932900F114A2 /* Times Tables.app */,
				D01652601B0A932900F114A2 /* Times TablesTests.xctest */,
			);
			name = Products;
			sourceTree = "<group>";
		};
		D016524D1B0A932900F114A2 /* Times Tables */ = {
			isa = PBXGroup;
			children = (
				D01652501B0A932900F114A2 /* AppDelegate.swift */,
				D01652521B0A932900F114A2 /* ViewController.swift */,
				D01652541B0A932900F114A2 /* Main.storyboard */,
				D01652571B0A932900F114A2 /* Images.xcassets */,
				D01652591B0A932900F114A2 /* LaunchScreen.xib */,
				D016524E1B0A932900F114A2 /* Supporting Files */,
			);
			path = "Times Tables";
			sourceTree = "<group>";
		};
		D016524E1B0A932900F114A2 /* Supporting Files */ = {
			isa = PBXGroup;
			children = (
				D016524F1B0A932900F114A2 /* Info.plist */,
			);
			name = "Supporting Files";
			sourceTree = "<group>";
		};
		D01652631B0A932900F114A2 /* Times TablesTests */ = {
			isa = PBXGroup;
			children = (
				D01652661B0A932900F114A2 /* Times_TablesTests.swift */,
				D01652641B0A932900F114A2 /* Supporting Files */,
			);
			path = "Times TablesTests";
			sourceTree = "<group>";
		};
		D01652641B0A932900F114A2 /* Supporting Files */ = {
			isa = PBXGroup;
			children = (
				D01652651B0A932900F114A2 /* Info.plist */,
			);
			name = "Supporting Files";
			sourceTree = "<group>";
		};
/* End PBXGroup section */

/* Begin PBXNativeTarget section */
		D016524A1B0A932900F114A2 /* Times Tables */ = {
			isa = PBXNativeTarget;
			buildConfigurationList = D016526A1B0A932900F114A2 /* Build configuration list for PBXNativeTarget "Times Tables" */;
			buildPhases = (
				D01652471B0A932900F114A2 /* Sources */,
				D01652481B0A932900F114A2 /* Frameworks */,
				D01652491B0A932900F114A2 /* Resources */,
			);
			buildRules = (
			);
			dependencies = (
			);
			name = "Times Tables";
			productName = "Times Tables";
			productReference = D016524B1B0A932900F114A2 /* Times Tables.app */;
			productType = "com.apple.product-type.application";
		};
		D016525F1B0A932900F114A2 /* Times TablesTests */ = {
			isa = PBXNativeTarget;
			buildConfigurationList = D016526D1B0A932900F114A2 /* Build configuration list for PBXNativeTarget "Times TablesTests" */;
			buildPhases = (
				D016525C1B0A932900F114A2 /* Sources */,
				D016525D1B0A932900F114A2 /* Frameworks */,
				D016525E1B0A932900F114A2 /* Resources */,
			);
			buildRules = (
			);
			dependencies = (
				D01652621B0A932900F114A2 /* PBXTargetDependency */,
			);
			name = "Times TablesTests";
			productName = "Times TablesTests";
			productReference = D01652601B0A932900F114A2 /* Times TablesTests.xctest */;
			productType = "com.apple.product-type.bundle.unit-test";
		};
/* End PBXNativeTarget section */

/* Begin PBXProject section */
		D01652431B0A932900F114A2 /* Project object */ = {
			isa = PBXProject;
			attributes = {
				LastUpgradeCheck = 0630;
				ORGANIZATIONNAME = JMVapps;
				TargetAttributes = {
					D016524A1B0A932900F114A2 = {
						CreatedOnToolsVersion = 6.3.1;
					};
					D016525F1B0A932900F114A2 = {
						CreatedOnToolsVersion = 6.3.1;
						TestTargetID = D016524A1B0A932900F114A2;
					};
				};
			};
			buildConfigurationList = D01652461B0A932900F114A2 /* Build configuration list for PBXProject "Times Tables" */;
			compatibilityVersion = "Xcode 3.2";
			developmentRegion = English;
			hasScannedForEncodings = 0;
			knownRegions = (
				en,
				Base,
			);
			mainGroup = D01652421B0A932900F114A2;
			productRefGroup = D016524C1B0A932900F114A2 /* Products */;
			projectDirPath = "";
			projectRoot = "";
			targets = (
				D016524A1B0A932900F114A2 /* Times Tables */,
				D016525F1B0A932900F114A2 /* Times TablesTests */,
			);
		};
/* End PBXProject section */

/* Begin PBXResourcesBuildPhase section */
		D01652491B0A932900F114A2 /* Resources */ = {
			isa = PBXResourcesBuildPhase;
			buildActionMask = 2147483647;
			files = (
				D01652561B0A932900F114A2 /* Main.storyboard in Resources */,
				D016525B1B0A932900F114A2 /* LaunchScreen.xib in Resources */,
				D01652581B0A932900F114A2 /* Images.xcassets in Resources */,
			);
			runOnlyForDeploymentPostprocessing = 0;
		};
		D016525E1B0A932900F114A2 /* Resources */ = {
			isa = PBXResourcesBuildPhase;
			buildActionMask = 2147483647;
			files = (
			);
			runOnlyForDeploymentPostprocessing = 0;
		};
/* End PBXResourcesBuildPhase section */

/* Begin PBXSourcesBuildPhase section */
		D01652471B0A932900F114A2 /* Sources */ = {
			isa = PBXSourcesBuildPhase;
			buildActionMask = 2147483647;
			files = (
				D01652531B0A932900F114A2 /* ViewController.swift in Sources */,
				D01652511B0A932900F114A2 /* AppDelegate.swift in Sources */,
			);
			runOnlyForDeploymentPostprocessing = 0;
		};
		D016525C1B0A932900F114A2 /* Sources */ = {
			isa = PBXSourcesBuildPhase;
			buildActionMask = 2147483647;
			files = (
				D01652671B0A932900F114A2 /* Times_TablesTests.swift in Sources */,
			);
			runOnlyForDeploymentPostprocessing = 0;
		};
/* End PBXSourcesBuildPhase section */

/* Begin PBXTargetDependency section */
		D01652621B0A932900F114A2 /* PBXTargetDependency */ = {
			isa = PBXTargetDependency;
			target = D016524A1B0A932900F114A2 /* Times Tables */;
			targetProxy = D01652611B0A932900F114A2 /* PBXContainerItemProxy */;
		};
/* End PBXTargetDependency section */

/* Begin PBXVariantGroup section */
		D01652541B0A932900F114A2 /* Main.storyboard */ = {
			isa = PBXVariantGroup;
			children = (
				D01652551B0A932900F114A2 /* Base */,
			);
			name = Main.storyboard;
			sourceTree = "<group>";
		};
		D01652591B0A932900F114A2 /* LaunchScreen.xib */ = {
			isa = PBXVariantGroup;
			children = (
				D016525A1B0A932900F114A2 /* Base */,
			);
			name = LaunchScreen.xib;
			sourceTree = "<group>";
		};
/* End PBXVariantGroup section */

/* Begin XCBuildConfiguration section */
		D01652681B0A932900F114A2 /* Debug */ = {
			isa = XCBuildConfiguration;
			buildSettings = {
				ALWAYS_SEARCH_USER_PATHS = NO;
				CLANG_CXX_LANGUAGE_STANDARD = "gnu++0x";
				CLANG_CXX_LIBRARY = "libc++";
				CLANG_ENABLE_MODULES = YES;
				CLANG_ENABLE_OBJC_ARC = YES;
				CLANG_WARN_BOOL_CONVERSION = YES;
				CLANG_WARN_CONSTANT_CONVERSION = YES;
				CLANG_WARN_DIRECT_OBJC_ISA_USAGE = YES_ERROR;
				CLANG_WARN_EMPTY_BODY = YES;
				CLANG_WARN_ENUM_CONVERSION = YES;
				CLANG_WARN_INT_CONVERSION = YES;
				CLANG_WARN_OBJC_ROOT_CLASS = YES_ERROR;
				CLANG_WARN_UNREACHABLE_CODE = YES;
				CLANG_WARN__DUPLICATE_METHOD_MATCH = YES;
				"CODE_SIGN_IDENTITY[sdk=iphoneos*]" = "iPhone Developer";
				COPY_PHASE_STRIP = NO;
				DEBUG_INFORMATION_FORMAT = "dwarf-with-dsym";
				ENABLE_STRICT_OBJC_MSGSEND = YES;
				GCC_C_LANGUAGE_STANDARD = gnu99;
				GCC_DYNAMIC_NO_PIC = NO;
				GCC_NO_COMMON_BLOCKS = YES;
				GCC_OPTIMIZATION_LEVEL = 0;
				GCC_PREPROCESSOR_DEFINITIONS = (
					"DEBUG=1",
					"$(inherited)",
				);
				GCC_SYMBOLS_PRIVATE_EXTERN = NO;
				GCC_WARN_64_TO_32_BIT_CONVERSION = YES;
				GCC_WARN_ABOUT_RETURN_TYPE = YES_ERROR;
				GCC_WARN_UNDECLARED_SELECTOR = YES;
				GCC_WARN_UNINITIALIZED_AUTOS = YES_AGGRESSIVE;
				GCC_WARN_UNUSED_FUNCTION = YES;
				GCC_WARN_UNUSED_VARIABLE = YES;
				IPHONEOS_DEPLOYMENT_TARGET = 8.3;
				MTL_ENABLE_DEBUG_INFO = YES;
				ONLY_ACTIVE_ARCH = YES;
				SDKROOT = iphoneos;
				SWIFT_OPTIMIZATION_LEVEL = "-Onone";
			};
			name = Debug;
		};
		D01652691B0A932900F114A2 /* Release */ = {
			isa = XCBuildConfiguration;
			buildSettings = {
				ALWAYS_SEARCH_USER_PATHS = NO;
				CLANG_CXX_LANGUAGE_STANDARD = "gnu++0x";
				CLANG_CXX_LIBRARY = "libc++";
				CLANG_ENABLE_MODULES = YES;
				CLANG_ENABLE_OBJC_ARC = YES;
				CLANG_WARN_BOOL_CONVERSION = YES;
				CLANG_WARN_CONSTANT_CONVERSION = YES;
				CLANG_WARN_DIRECT_OBJC_ISA_USAGE = YES_ERROR;
				CLANG_WARN_EMPTY_BODY = YES;
				CLANG_WARN_ENUM_CONVERSION = YES;
				CLANG_WARN_INT_CONVERSION = YES;
				CLANG_WARN_OBJC_ROOT_CLASS = YES_ERROR;
				CLANG_WARN_UNREACHABLE_CODE = YES;
				CLANG_WARN__DUPLICATE_METHOD_MATCH = YES;
				"CODE_SIGN_IDENTITY[sdk=iphoneos*]" = "iPhone Developer";
				COPY_PHASE_STRIP = NO;
				DEBUG_INFORMATION_FORMAT = "dwarf-with-dsym";
				ENABLE_NS_ASSERTIONS = NO;
				ENABLE_STRICT_OBJC_MSGSEND = YES;
				GCC_C_LANGUAGE_STANDARD = gnu99;
				GCC_NO_COMMON_BLOCKS = YES;
				GCC_WARN_64_TO_32_BIT_CONVERSION = YES;
				GCC_WARN_ABOUT_RETURN_TYPE = YES_ERROR;
				GCC_WARN_UNDECLARED_SELECTOR = YES;
				GCC_WARN_UNINITIALIZED_AUTOS = YES_AGGRESSIVE;
				GCC_WARN_UNUSED_FUNCTION = YES;
				GCC_WARN_UNUSED_VARIABLE = YES;
				IPHONEOS_DEPLOYMENT_TARGET = 8.3;
				MTL_ENABLE_DEBUG_INFO = NO;
				SDKROOT = iphoneos;
				VALIDATE_PRODUCT = YES;
			};
			name = Release;
		};
		D016526B1B0A932900F114A2 /* Debug */ = {
			isa = XCBuildConfiguration;
			buildSettings = {
				ASSETCATALOG_COMPILER_APPICON_NAME = AppIcon;
				INFOPLIST_FILE = "Times Tables/Info.plist";
				LD_RUNPATH_SEARCH_PATHS = "$(inherited) @executable_path/Frameworks";
				PRODUCT_NAME = "$(TARGET_NAME)";
			};
			name = Debug;
		};
		D016526C1B0A932900F114A2 /* Release */ = {
			isa = XCBuildConfiguration;
			buildSettings = {
				ASSETCATALOG_COMPILER_APPICON_NAME = AppIcon;
				INFOPLIST_FILE = "Times Tables/Info.plist";
				LD_RUNPATH_SEARCH_PATHS = "$(inherited) @executable_path/Frameworks";
				PRODUCT_NAME = "$(TARGET_NAME)";
			};
			name = Release;
		};
		D016526E1B0A932900F114A2 /* Debug */ = {
			isa = XCBuildConfiguration;
			buildSettings = {
				BUNDLE_LOADER = "$(TEST_HOST)";
				FRAMEWORK_SEARCH_PATHS = (
					"$(SDKROOT)/Developer/Library/Frameworks",
					"$(inherited)",
				);
				GCC_PREPROCESSOR_DEFINITIONS = (
					"DEBUG=1",
					"$(inherited)",
				);
				INFOPLIST_FILE = "Times TablesTests/Info.plist";
				LD_RUNPATH_SEARCH_PATHS = "$(inherited) @executable_path/Frameworks @loader_path/Frameworks";
				PRODUCT_NAME = "$(TARGET_NAME)";
				TEST_HOST = "$(BUILT_PRODUCTS_DIR)/Times Tables.app/Times Tables";
			};
			name = Debug;
		};
		D016526F1B0A932900F114A2 /* Release */ = {
			isa = XCBuildConfiguration;
			buildSettings = {
				BUNDLE_LOADER = "$(TEST_HOST)";
				FRAMEWORK_SEARCH_PATHS = (
					"$(SDKROOT)/Developer/Library/Frameworks",
					"$(inherited)",
				);
				INFOPLIST_FILE = "Times TablesTests/Info.plist";
				LD_RUNPATH_SEARCH_PATHS = "$(inherited) @executable_path/Frameworks @loader_path/Frameworks";
				PRODUCT_NAME = "$(TARGET_NAME)";
				TEST_HOST = "$(BUILT_PRODUCTS_DIR)/Times Tables.app/Times Tables";
			};
			name = Release;
		};
/* End XCBuildConfiguration section */

/* Begin XCConfigurationList section */
		D01652461B0A932900F114A2 /* Build configuration list for PBXProject "Times Tables" */ = {
			isa = XCConfigurationList;
			buildConfigurations = (
				D01652681B0A932900F114A2 /* Debug */,
				D01652691B0A932900F114A2 /* Release */,
			);
			defaultConfigurationIsVisible = 0;
			defaultConfigurationName = Release;
		};
		D016526A1B0A932900F114A2 /* Build configuration list for PBXNativeTarget "Times Tables" */ = {
			isa = XCConfigurationList;
			buildConfigurations = (
				D016526B1B0A932900F114A2 /* Debug */,
				D016526C1B0A932900F114A2 /* Release */,
			);
			defaultConfigurationIsVisible = 0;
		};
		D016526D1B0A932900F114A2 /* Build configuration list for PBXNativeTarget "Times TablesTests" */ = {
			isa = XCConfigurationList;
			buildConfigurations = (
				D016526E1B0A932900F114A2 /* Debug */,
				D016526F1B0A932900F114A2 /* Release */,
			);
			defaultConfigurationIsVisible = 0;
		};
/* End XCConfigurationList section */
	};
	rootObject = D01652431B0A932900F114A2 /* Project object */;
}
